
Microsoft Visual Studio Solution File, Format Version 12.00
# Visual Studio Version 17
VisualStudioVersion = 17.4.33205.214
MinimumVisualStudioVersion = 10.0.40219.1
Project("{FAE04EC0-301F-11D3-BF4B-00C04F79EFBC}") = "Collections", "Collections.csproj", "{1A68340A-6BB1-4FC8-A643-118D5DE94693}"
EndProject
Global
	GlobalSection(SolutionConfigurationPlatforms) = preSolution
		Debug|Any CPU = Debug|Any CPU
		Release|Any CPU = Release|Any CPU
	EndGlobalSection
	GlobalSection(ProjectConfigurationPlatforms) = postSolution
		{1A68340A-6BB1-4FC8-A643-118D5DE94693}.Debug|Any CPU.ActiveCfg = Debug|Any CPU
		{1A68340A-6BB1-4FC8-A643-118D5DE94693}.Debug|Any CPU.Build.0 = Debug|Any CPU
		{1A68340A-6BB1-4FC8-A643-118D5DE94693}.Release|Any CPU.ActiveCfg = Release|Any CPU
		{1A68340A-6BB1-4FC8-A643-118D5DE94693}.Release|Any CPU.Build.0 = Release|Any CPU
	EndGlobalSection
	GlobalSection(SolutionProperties) = preSolution
		HideSolutionNode = FALSE
	EndGlobalSection
	GlobalSection(ExtensibilityGlobals) = postSolution
		SolutionGuid = {0B9256A7-F542-4023-BBDF-8D722C5DA05D}
	EndGlobalSection
EndGlobal
