
Microsoft Visual Studio Solution File, Format Version 12.00
# Visual Studio Version 17
VisualStudioVersion = 17.4.33205.214
MinimumVisualStudioVersion = 10.0.40219.1
Project("{FAE04EC0-301F-11D3-BF4B-00C04F79EFBC}") = "VariablesAndDataTypes", "VariablesAndDataTypes.csproj", "{AC51B8D9-0BED-4411-9E95-8DE1E6B27615}"
EndProject
Global
	GlobalSection(SolutionConfigurationPlatforms) = preSolution
		Debug|Any CPU = Debug|Any CPU
		Release|Any CPU = Release|Any CPU
	EndGlobalSection
	GlobalSection(ProjectConfigurationPlatforms) = postSolution
		{AC51B8D9-0BED-4411-9E95-8DE1E6B27615}.Debug|Any CPU.ActiveCfg = Debug|Any CPU
		{AC51B8D9-0BED-4411-9E95-8DE1E6B27615}.Debug|Any CPU.Build.0 = Debug|Any CPU
		{AC51B8D9-0BED-4411-9E95-8DE1E6B27615}.Release|Any CPU.ActiveCfg = Release|Any CPU
		{AC51B8D9-0BED-4411-9E95-8DE1E6B27615}.Release|Any CPU.Build.0 = Release|Any CPU
	EndGlobalSection
	GlobalSection(SolutionProperties) = preSolution
		HideSolutionNode = FALSE
	EndGlobalSection
	GlobalSection(ExtensibilityGlobals) = postSolution
		SolutionGuid = {2C9BEDCA-FD7B-4B85-92FB-0CCA6D8E71ED}
	EndGlobalSection
EndGlobal
